# @generated - this file is auto-generated by `mise lock` https://mise.jdx.dev/dev-tools/mise-lock.html

[[tools.flux2]]
version = "2.9.4"
backend = "aqua:fluxcd/flux2"

[tools.flux2."platforms.linux-arm64"]
checksum = "sha256:dcab945f8d8658662fa1db93e150a602ba1f91da367a82e099bd65595fc7c62c"
url = "https://github.com/fluxcd/flux2/releases/download/v2.9.4/flux_2.9.4_linux_arm64.tar.gz"
url_api = "https://api.github.com/repos/fluxcd/flux2/releases/assets/505259828"

[tools.flux2."platforms.linux-arm64".provenance.slsa]
url = "https://github.com/fluxcd/flux2/releases/download/v2.9.4/provenance.intoto.jsonl"

[tools.flux2."platforms.linux-arm64-musl"]
checksum = "sha256:dcab945f8d8658662fa1db93e150a602ba1f91da367a82e099bd65595fc7c62c"
url = "https://github.com/fluxcd/flux2/releases/download/v2.9.4/flux_2.9.4_linux_arm64.tar.gz"
url_api = "https://api.github.com/repos/fluxcd/flux2/releases/assets/505259828"

[tools.flux2."platforms.linux-arm64-musl".provenance.slsa]
url = "https://github.com/fluxcd/flux2/releases/download/v2.9.4/provenance.intoto.jsonl"

[tools.flux2."platforms.linux-x64"]
checksum = "sha256:c2c397a52930f52d2005c01d276116b059d062de379386d58e98115380a766a2"
url = "https://github.com/fluxcd/flux2/releases/download/v2.9.4/flux_2.9.4_linux_amd64.tar.gz"
url_api = "https://api.github.com/repos/fluxcd/flux2/releases/assets/505259827"

[tools.flux2."platforms.linux-x64".provenance.slsa]
url = "https://github.com/fluxcd/flux2/releases/download/v2.9.4/provenance.intoto.jsonl"

[tools.flux2."platforms.linux-x64-musl"]
checksum = "sha256:c2c397a52930f52d2005c01d276116b059d062de379386d58e98115380a766a2"
url = "https://github.com/fluxcd/flux2/releases/download/v2.9.4/flux_2.9.4_linux_amd64.tar.gz"
url_api = "https://api.github.com/repos/fluxcd/flux2/releases/assets/505259827"

[tools.flux2."platforms.linux-x64-musl".provenance.slsa]
url = "https://github.com/fluxcd/flux2/releases/download/v2.9.4/provenance.intoto.jsonl"

[tools.flux2."platforms.macos-arm64"]
checksum = "sha256:5350675411f1c8c20fb7fd827450933e939f7ab82a2cd92f8fa2abe497761911"
url = "https://github.com/fluxcd/flux2/releases/download/v2.9.4/flux_2.9.4_darwin_arm64.tar.gz"
url_api = "https://api.github.com/repos/fluxcd/flux2/releases/assets/505259822"

[tools.flux2."platforms.macos-arm64".provenance.slsa]
url = "https://github.com/fluxcd/flux2/releases/download/v2.9.4/provenance.intoto.jsonl"

[tools.flux2."platforms.macos-x64"]
checksum = "sha256:162e11dd0fd44d1d87f3b8308b74e8ef8fedd0a550b8501f0365f329efc476f8"
url = "https://github.com/fluxcd/flux2/releases/download/v2.9.4/flux_2.9.4_darwin_amd64.tar.gz"
url_api = "https://api.github.com/repos/fluxcd/flux2/releases/assets/505259836"

[tools.flux2."platforms.macos-x64".provenance.slsa]
url = "https://github.com/fluxcd/flux2/releases/download/v2.9.4/provenance.intoto.jsonl"

[tools.flux2."platforms.windows-x64"]
checksum = "sha256:524a148bdc77d6baa05fb22472e2ecf153f51c198ff299475a7245e4016b06c2"
url = "https://github.com/fluxcd/flux2/releases/download/v2.9.4/flux_2.9.4_windows_amd64.zip"
url_api = "https://api.github.com/repos/fluxcd/flux2/releases/assets/505259830"

[tools.flux2."platforms.windows-x64".provenance.slsa]
url = "https://github.com/fluxcd/flux2/releases/download/v2.9.4/provenance.intoto.jsonl"

[[tools.helm]]
version = "4.2.4"
backend = "aqua:helm/helm"

[tools.helm."platforms.linux-arm64"]
checksum = "sha256:564de2191b881e9f71b5606b25345821ea1682f06ab90499d3ab22b530176da1"
url = "https://get.helm.sh/helm-v4.2.4-linux-arm64.tar.gz"

[tools.helm."platforms.linux-arm64-musl"]
checksum = "sha256:564de2191b881e9f71b5606b25345821ea1682f06ab90499d3ab22b530176da1"
url = "https://get.helm.sh/helm-v4.2.4-linux-arm64.tar.gz"

[tools.helm."platforms.linux-x64"]
checksum = "sha256:c306b46f719b0a4da32d0f78ee21bf90ce8d602f15b22ab753f0674d1670a7f3"
url = "https://get.helm.sh/helm-v4.2.4-linux-amd64.tar.gz"

[tools.helm."platforms.linux-x64-musl"]
checksum = "sha256:c306b46f719b0a4da32d0f78ee21bf90ce8d602f15b22ab753f0674d1670a7f3"
url = "https://get.helm.sh/helm-v4.2.4-linux-amd64.tar.gz"

[tools.helm."platforms.macos-arm64"]
checksum = "sha256:d747eb4e28bd2727173d15b759fa0a17822291ec09db7ced3d55af290a3661a2"
url = "https://get.helm.sh/helm-v4.2.4-darwin-arm64.tar.gz"

[tools.helm."platforms.macos-x64"]
checksum = "sha256:6c163d687ca03c3b5c01928e53bbbcf9518278f47ce7a2f249a5a08e8bdaa2bc"
url = "https://get.helm.sh/helm-v4.2.4-darwin-amd64.tar.gz"

[tools.helm."platforms.windows-x64"]
checksum = "sha256:38cbdab1c7d4f0412d571c3aeefc700bcdc7b663be481832a11dfed01ee67c36"
url = "https://get.helm.sh/helm-v4.2.4-windows-amd64.tar.gz"

[[tools.helmfile]]
version = "1.7.4"
backend = "aqua:helmfile/helmfile"

[tools.helmfile."platforms.linux-arm64"]
checksum = "sha256:0292f57a4638a21e775b0ce8bde37ee3fdd65dbbdbe0e5b9a06718f1dd04c7fa"
url = "https://github.com/helmfile/helmfile/releases/download/v1.7.4/helmfile_1.7.4_linux_arm64.tar.gz"
url_api = "https://api.github.com/repos/helmfile/helmfile/releases/assets/516813268"

[tools.helmfile."platforms.linux-arm64-musl"]
checksum = "sha256:0292f57a4638a21e775b0ce8bde37ee3fdd65dbbdbe0e5b9a06718f1dd04c7fa"
url = "https://github.com/helmfile/helmfile/releases/download/v1.7.4/helmfile_1.7.4_linux_arm64.tar.gz"
url_api = "https://api.github.com/repos/helmfile/helmfile/releases/assets/516813268"

[tools.helmfile."platforms.linux-x64"]
checksum = "sha256:f96ef0a015df06b29d7f38bf0ca08821018ae25eb96bf2c7abd3affa1b84e112"
url = "https://github.com/helmfile/helmfile/releases/download/v1.7.4/helmfile_1.7.4_linux_amd64.tar.gz"
url_api = "https://api.github.com/repos/helmfile/helmfile/releases/assets/516813296"

[tools.helmfile."platforms.linux-x64-musl"]
checksum = "sha256:f96ef0a015df06b29d7f38bf0ca08821018ae25eb96bf2c7abd3affa1b84e112"
url = "https://github.com/helmfile/helmfile/releases/download/v1.7.4/helmfile_1.7.4_linux_amd64.tar.gz"
url_api = "https://api.github.com/repos/helmfile/helmfile/releases/assets/516813296"

[tools.helmfile."platforms.macos-arm64"]
checksum = "sha256:e1490d371fecc1f2d9aae914ef34058f3cb2363c9ee63350b37a85c3994d71d9"
url = "https://github.com/helmfile/helmfile/releases/download/v1.7.4/helmfile_1.7.4_darwin_arm64.tar.gz"
url_api = "https://api.github.com/repos/helmfile/helmfile/releases/assets/516813297"

[tools.helmfile."platforms.macos-x64"]
checksum = "sha256:7a0951fcc5bb991d7ea3a0c80e35754eb3981dcadba19795edbec7cba2518ae2"
url = "https://github.com/helmfile/helmfile/releases/download/v1.7.4/helmfile_1.7.4_darwin_amd64.tar.gz"
url_api = "https://api.github.com/repos/helmfile/helmfile/releases/assets/516813301"

[tools.helmfile."platforms.windows-x64"]
checksum = "sha256:f1637850f5d5c311bbadea2f99afec9ab6d4999eeba225c1d787b09ae077bd73"
url = "https://github.com/helmfile/helmfile/releases/download/v1.7.4/helmfile_1.7.4_windows_amd64.tar.gz"
url_api = "https://api.github.com/repos/helmfile/helmfile/releases/assets/516813271"

[[tools.kubectl]]
version = "1.36.4"
backend = "aqua:kubernetes/kubernetes/kubectl"

[tools.kubectl."platforms.linux-arm64"]
checksum = "sha256:0ecf44450ee6063bf19dd166a103ee6df4a9034455c2abce626e6eea657d73fb"
url = "https://dl.k8s.io/v1.36.4/bin/linux/arm64/kubectl"

[tools.kubectl."platforms.linux-arm64-musl"]
checksum = "sha256:0ecf44450ee6063bf19dd166a103ee6df4a9034455c2abce626e6eea657d73fb"
url = "https://dl.k8s.io/v1.36.4/bin/linux/arm64/kubectl"

[tools.kubectl."platforms.linux-x64"]
checksum = "sha256:8b8f088da2dab964f853b38464033b1be15ede2839eca751482357c45abdd05a"
url = "https://dl.k8s.io/v1.36.4/bin/linux/amd64/kubectl"

[tools.kubectl."platforms.linux-x64-musl"]
checksum = "sha256:8b8f088da2dab964f853b38464033b1be15ede2839eca751482357c45abdd05a"
url = "https://dl.k8s.io/v1.36.4/bin/linux/amd64/kubectl"

[tools.kubectl."platforms.macos-arm64"]
checksum = "sha256:c9e4f713d6fee0043a3d835cca13077cda2bc0973840eb9779360df0b5bdfc69"
url = "https://dl.k8s.io/v1.36.4/bin/darwin/arm64/kubectl"

[tools.kubectl."platforms.macos-x64"]
checksum = "sha256:71a3aa7c2ee2c974d9fbb462cba0c5c04a4df2e8d85eee94714fd819ea3c4e63"
url = "https://dl.k8s.io/v1.36.4/bin/darwin/amd64/kubectl"

[tools.kubectl."platforms.windows-x64"]
checksum = "sha256:31947857be7583f3e4e6d889a3fb781ca813a45c20f11ccb3ef309714d01a9f3"
url = "https://dl.k8s.io/v1.36.4/bin/windows/amd64/kubectl.exe"

[[tools.kustomize]]
version = "5.8.1"
backend = "aqua:kubernetes-sigs/kustomize"

[tools.kustomize."platforms.linux-arm64"]
checksum = "sha256:0953ea3e476f66d6ddfcd911d750f5167b9365aa9491b2326398e289fef2c142"
url = "https://github.com/kubernetes-sigs/kustomize/releases/download/kustomize/v5.8.1/kustomize_v5.8.1_linux_arm64.tar.gz"
url_api = "https://api.github.com/repos/kubernetes-sigs/kustomize/releases/assets/353160971"

[tools.kustomize."platforms.linux-arm64-musl"]
checksum = "sha256:0953ea3e476f66d6ddfcd911d750f5167b9365aa9491b2326398e289fef2c142"
url = "https://github.com/kubernetes-sigs/kustomize/releases/download/kustomize/v5.8.1/kustomize_v5.8.1_linux_arm64.tar.gz"
url_api = "https://api.github.com/repos/kubernetes-sigs/kustomize/releases/assets/353160971"

[tools.kustomize."platforms.linux-x64"]
checksum = "sha256:029a7f0f4e1932c52a0476cf02a0fd855c0bb85694b82c338fc648dcb53a819d"
url = "https://github.com/kubernetes-sigs/kustomize/releases/download/kustomize/v5.8.1/kustomize_v5.8.1_linux_amd64.tar.gz"
url_api = "https://api.github.com/repos/kubernetes-sigs/kustomize/releases/assets/353160972"

[tools.kustomize."platforms.linux-x64-musl"]
checksum = "sha256:029a7f0f4e1932c52a0476cf02a0fd855c0bb85694b82c338fc648dcb53a819d"
url = "https://github.com/kubernetes-sigs/kustomize/releases/download/kustomize/v5.8.1/kustomize_v5.8.1_linux_amd64.tar.gz"
url_api = "https://api.github.com/repos/kubernetes-sigs/kustomize/releases/assets/353160972"

[tools.kustomize."platforms.macos-arm64"]
checksum = "sha256:8886f8a78474e608cc81234f729fda188a9767da23e28925802f00ece2bab288"
url = "https://github.com/kubernetes-sigs/kustomize/releases/download/kustomize/v5.8.1/kustomize_v5.8.1_darwin_arm64.tar.gz"
url_api = "https://api.github.com/repos/kubernetes-sigs/kustomize/releases/assets/353160975"

[tools.kustomize."platforms.macos-x64"]
checksum = "sha256:ee7cf0c1e3592aa7bb66ba82b359933a95e7f2e0b36e5f53ed0a4535b017f2f8"
url = "https://github.com/kubernetes-sigs/kustomize/releases/download/kustomize/v5.8.1/kustomize_v5.8.1_darwin_amd64.tar.gz"
url_api = "https://api.github.com/repos/kubernetes-sigs/kustomize/releases/assets/353160974"

[tools.kustomize."platforms.windows-x64"]
checksum = "sha256:8ec7f5e815e526d4622c06df0a7793d8cfb6eb1c74f816b46166097fef8b26c6"
url = "https://github.com/kubernetes-sigs/kustomize/releases/download/kustomize/v5.8.1/kustomize_v5.8.1_windows_amd64.zip"
url_api = "https://api.github.com/repos/kubernetes-sigs/kustomize/releases/assets/353160980"

[[tools.talhelper]]
version = "3.1.17"
backend = "aqua:budimanjojo/talhelper"

[tools.talhelper."platforms.linux-arm64"]
checksum = "sha256:1841915ec6f533ef653baedc5f1cbf68683e0ca9a72f240ac2f257d94f68798b"
url = "https://github.com/budimanjojo/talhelper/releases/download/v3.1.17/talhelper_linux_arm64.tar.gz"
url_api = "https://api.github.com/repos/budimanjojo/talhelper/releases/assets/530086688"

[tools.talhelper."platforms.linux-arm64-musl"]
checksum = "sha256:1841915ec6f533ef653baedc5f1cbf68683e0ca9a72f240ac2f257d94f68798b"
url = "https://github.com/budimanjojo/talhelper/releases/download/v3.1.17/talhelper_linux_arm64.tar.gz"
url_api = "https://api.github.com/repos/budimanjojo/talhelper/releases/assets/530086688"

[tools.talhelper."platforms.linux-x64"]
checksum = "sha256:dff9162569004637b6a842c4020d909b0ffbc7fbbe2fca23a754708db95be204"
url = "https://github.com/budimanjojo/talhelper/releases/download/v3.1.17/talhelper_linux_amd64.tar.gz"
url_api = "https://api.github.com/repos/budimanjojo/talhelper/releases/assets/530086690"

[tools.talhelper."platforms.linux-x64-musl"]
checksum = "sha256:dff9162569004637b6a842c4020d909b0ffbc7fbbe2fca23a754708db95be204"
url = "https://github.com/budimanjojo/talhelper/releases/download/v3.1.17/talhelper_linux_amd64.tar.gz"
url_api = "https://api.github.com/repos/budimanjojo/talhelper/releases/assets/530086690"

[tools.talhelper."platforms.macos-arm64"]
checksum = "sha256:cf86526d730010193d3e858f13242e5f0c94fdcefe5e001716c552211b1e95b0"
url = "https://github.com/budimanjojo/talhelper/releases/download/v3.1.17/talhelper_darwin_arm64.tar.gz"
url_api = "https://api.github.com/repos/budimanjojo/talhelper/releases/assets/530086691"

[tools.talhelper."platforms.macos-x64"]
checksum = "sha256:29dec70a5b2049058e4adf5ff6f236ca74fb51500ebb8e41e381ad1d49d60a09"
url = "https://github.com/budimanjojo/talhelper/releases/download/v3.1.17/talhelper_darwin_amd64.tar.gz"
url_api = "https://api.github.com/repos/budimanjojo/talhelper/releases/assets/530086689"

[tools.talhelper."platforms.windows-x64"]
checksum = "sha256:415f079abd09fa686b29a4d02de03cd6c5d8339cc6d497f2f4a54da6765c0a79"
url = "https://github.com/budimanjojo/talhelper/releases/download/v3.1.17/talhelper_windows_amd64.tar.gz"
url_api = "https://api.github.com/repos/budimanjojo/talhelper/releases/assets/530086712"

[[tools.talosctl]]
version = "1.14.0-rc.2"
backend = "aqua:siderolabs/talos"

[tools.talosctl."platforms.linux-arm64"]
checksum = "sha256:3a4c987e451ea651425dc4773dfef13aaeb5f06629780affd57d5d364224bae2"
url = "https://github.com/siderolabs/talos/releases/download/v1.14.0-rc.2/talosctl-linux-arm64"
url_api = "https://api.github.com/repos/siderolabs/talos/releases/assets/528864663"
provenance = "cosign"

[tools.talosctl."platforms.linux-arm64-musl"]
checksum = "sha256:3a4c987e451ea651425dc4773dfef13aaeb5f06629780affd57d5d364224bae2"
url = "https://github.com/siderolabs/talos/releases/download/v1.14.0-rc.2/talosctl-linux-arm64"
url_api = "https://api.github.com/repos/siderolabs/talos/releases/assets/528864663"
provenance = "cosign"

[tools.talosctl."platforms.linux-x64"]
checksum = "sha256:ca70202fbb852775f70ffcb885e2866472b9a7e08865a23fd2cb9bc379bd7a88"
url = "https://github.com/siderolabs/talos/releases/download/v1.14.0-rc.2/talosctl-linux-amd64"
url_api = "https://api.github.com/repos/siderolabs/talos/releases/assets/528864640"
provenance = "cosign"

[tools.talosctl."platforms.linux-x64-musl"]
checksum = "sha256:ca70202fbb852775f70ffcb885e2866472b9a7e08865a23fd2cb9bc379bd7a88"
url = "https://github.com/siderolabs/talos/releases/download/v1.14.0-rc.2/talosctl-linux-amd64"
url_api = "https://api.github.com/repos/siderolabs/talos/releases/assets/528864640"
provenance = "cosign"

[tools.talosctl."platforms.macos-arm64"]
checksum = "sha256:f6c9cc4c00270c64812944301ef6a166951d5b9633b0ca0c2976a631bfca8d32"
url = "https://github.com/siderolabs/talos/releases/download/v1.14.0-rc.2/talosctl-darwin-arm64"
url_api = "https://api.github.com/repos/siderolabs/talos/releases/assets/528864619"
provenance = "cosign"

[tools.talosctl."platforms.macos-x64"]
checksum = "sha256:f529148e8f845781d4bbe845d57f86d852513a816b44b393c87cf4568d232212"
url = "https://github.com/siderolabs/talos/releases/download/v1.14.0-rc.2/talosctl-darwin-amd64"
url_api = "https://api.github.com/repos/siderolabs/talos/releases/assets/528864653"
provenance = "cosign"

[tools.talosctl."platforms.windows-x64"]
checksum = "sha256:dc62b86ab38fd62a9544d38a920a270f74e8c1abe79ec45f892aa94e7386bf0a"
url = "https://github.com/siderolabs/talos/releases/download/v1.14.0-rc.2/talosctl-windows-amd64.exe"
url_api = "https://api.github.com/repos/siderolabs/talos/releases/assets/528864631"
provenance = "cosign"
